// !$*UTF8*$!
{
	archiveVersion = 1;
	classes = {
	};
	objectVersion = 52;
	objects = {

/* Begin PBXBuildFile section */
		E7036FD2267D083D00EFFE4E /* ScrollLock.swift in Sources */ = {isa = PBXBuildFile; fileRef = E7036FD1267D083D00EFFE4E /* ScrollLock.swift */; };
		E7036FD4267DF1B300EFFE4E /* EventListItemView.swift in Sources */ = {isa = PBXBuildFile; fileRef = E7036FD3267DF1B300EFFE4E /* EventListItemView.swift */; };
		E70A66592674C7D100C88EA1 /* DurationPickerPanel.swift in Sources */ = {isa = PBXBuildFile; fileRef = E70A66582674C7D100C88EA1 /* DurationPickerPanel.swift */; };
		E70A665B2674CACB00C88EA1 /* UIView+Helpers.swift in Sources */ = {isa = PBXBuildFile; fileRef = E70A665A2674CACB00C88EA1 /* UIView+Helpers.swift */; };
		E70A665D2674F02C00C88EA1 /* MainActionButton.swift in Sources */ = {isa = PBXBuildFile; fileRef = E70A665C2674F02C00C88EA1 /* MainActionButton.swift */; };
		E70A665F267536A400C88EA1 /* HighlightableSimpleCell.swift in Sources */ = {isa = PBXBuildFile; fileRef = E70A665E267536A400C88EA1 /* HighlightableSimpleCell.swift */; };
		E710CFDB2685DD0C0060218C /* CALayer+Helpers.swift in Sources */ = {isa = PBXBuildFile; fileRef = E710CFDA2685DD0C0060218C /* CALayer+Helpers.swift */; };
		E71755102698AAEE003B5A32 /* FirebaseCrashlytics in Frameworks */ = {isa = PBXBuildFile; productRef = E717550F2698AAEE003B5A32 /* FirebaseCrashlytics */; };
		E72634C526CADAC60041886D /* SuggestionsPickerLayout.swift in Sources */ = {isa = PBXBuildFile; fileRef = E72634C426CADAC60041886D /* SuggestionsPickerLayout.swift */; };
		E72634CC26CADB380041886D /* SuggestionsPickerViewCell.swift in Sources */ = {isa = PBXBuildFile; fileRef = E72634CB26CADB380041886D /* SuggestionsPickerViewCell.swift */; };
		E732E959266256A9008A8B82 /* UIColors+Branded.swift in Sources */ = {isa = PBXBuildFile; fileRef = E732E958266256A9008A8B82 /* UIColors+Branded.swift */; };
		E732E95E266280EA008A8B82 /* UIView+NSLayoutConstraint.swift in Sources */ = {isa = PBXBuildFile; fileRef = E732E95D266280EA008A8B82 /* UIView+NSLayoutConstraint.swift */; };
		E7480393269390A600573DE2 /* Calendar+Convenience.swift in Sources */ = {isa = PBXBuildFile; fileRef = E7480392269390A600573DE2 /* Calendar+Convenience.swift */; };
		E74C8A4326B7045B009D6D90 /* AuthResultHandler.swift in Sources */ = {isa = PBXBuildFile; fileRef = E74C8A4226B7045B009D6D90 /* AuthResultHandler.swift */; };
		E74C8A4526B704DA009D6D90 /* AppAuthError.swift in Sources */ = {isa = PBXBuildFile; fileRef = E74C8A4426B704DA009D6D90 /* AppAuthError.swift */; };
		E758054226D2896E00E9DEAD /* LightTextField.swift in Sources */ = {isa = PBXBuildFile; fileRef = E758054126D2896E00E9DEAD /* LightTextField.swift */; };
		E758054426D2AAFF00E9DEAD /* SuggestionsPickCalendarSlider.swift in Sources */ = {isa = PBXBuildFile; fileRef = E758054326D2AAFF00E9DEAD /* SuggestionsPickCalendarSlider.swift */; };
		E763A5C62643E16D00135A2F /* AuthToken.swift in Sources */ = {isa = PBXBuildFile; fileRef = E763A5C52643E16D00135A2F /* AuthToken.swift */; };
		E763A6D7269733EE00082BCE /* AcknowledgementsViewController.swift in Sources */ = {isa = PBXBuildFile; fileRef = E763A6D6269733EE00082BCE /* AcknowledgementsViewController.swift */; };
		E763A6DB2697383B00082BCE /* firebase in Resources */ = {isa = PBXBuildFile; fileRef = E763A6DA2697383B00082BCE /* firebase */; };
		E76E85E2264D195200FAC1DF /* FirebaseMessaging in Frameworks */ = {isa = PBXBuildFile; productRef = E76E85E1264D195200FAC1DF /* FirebaseMessaging */; };
		E76E8622264D237400FAC1DF /* RemoteNotificationsTokenSync.swift in Sources */ = {isa = PBXBuildFile; fileRef = E76E8621264D237400FAC1DF /* RemoteNotificationsTokenSync.swift */; };
		E77571F026C4EFAE0034BAC9 /* SlotSuggestionView.swift in Sources */ = {isa = PBXBuildFile; fileRef = E77571EF26C4EFAE0034BAC9 /* SlotSuggestionView.swift */; };
		E777A93E2680F1E50004AE8E /* EventsCoordinator.swift in Sources */ = {isa = PBXBuildFile; fileRef = E777A93D2680F1E50004AE8E /* EventsCoordinator.swift */; };
		E790EEC626D2B630002261A2 /* ProposedAvailableSlotsTransformer.swift in Sources */ = {isa = PBXBuildFile; fileRef = E790EEC526D2B630002261A2 /* ProposedAvailableSlotsTransformer.swift */; };
		E794D32F26CECCEC001FB521 /* MeetingInviteRecipientInputPanel.swift in Sources */ = {isa = PBXBuildFile; fileRef = E794D32E26CECCEC001FB521 /* MeetingInviteRecipientInputPanel.swift */; };
		E795793F266F5F4C005B9F39 /* CalendarBlocks.swift in Sources */ = {isa = PBXBuildFile; fileRef = E795793E266F5F4C005B9F39 /* CalendarBlocks.swift */; };
		E7957941266F5F62005B9F39 /* CalendarSession.swift in Sources */ = {isa = PBXBuildFile; fileRef = E7957940266F5F62005B9F39 /* CalendarSession.swift */; };
		E7957943266F5F7B005B9F39 /* CalendarLayout.swift in Sources */ = {isa = PBXBuildFile; fileRef = E7957942266F5F7B005B9F39 /* CalendarLayout.swift */; };
		E7957945266F628A005B9F39 /* RoutingViewController.swift in Sources */ = {isa = PBXBuildFile; fileRef = E7957944266F628A005B9F39 /* RoutingViewController.swift */; };
		E7957947266F629B005B9F39 /* CalendarViewController.swift in Sources */ = {isa = PBXBuildFile; fileRef = E7957946266F629B005B9F39 /* CalendarViewController.swift */; };
		E7957949266F6457005B9F39 /* OnboardingViewController.swift in Sources */ = {isa = PBXBuildFile; fileRef = E7957948266F6457005B9F39 /* OnboardingViewController.swift */; };
		E7978E9A26BC5124001B199A /* SignInGoogleButton.swift in Sources */ = {isa = PBXBuildFile; fileRef = E7978E9926BC5124001B199A /* SignInGoogleButton.swift */; };
		E79B09D62677A05300ADD43D /* EventDatesPanel.swift in Sources */ = {isa = PBXBuildFile; fileRef = E79B09D52677A05300ADD43D /* EventDatesPanel.swift */; };
		E79B09D82677A34A00ADD43D /* EventView.swift in Sources */ = {isa = PBXBuildFile; fileRef = E79B09D72677A34A00ADD43D /* EventView.swift */; };
		E79C90C12684C37A00398E41 /* Api.swift in Sources */ = {isa = PBXBuildFile; fileRef = E79C90C02684C37A00398E41 /* Api.swift */; };
		E79C90C32684C7A100398E41 /* Sama.swift in Sources */ = {isa = PBXBuildFile; fileRef = E79C90C22684C7A100398E41 /* Sama.swift */; };
		E79C90C52684D58600398E41 /* AuthContainer.swift in Sources */ = {isa = PBXBuildFile; fileRef = E79C90C42684D58600398E41 /* AuthContainer.swift */; };
		E79C90C72684E8CB00398E41 /* DateFormatter+Factory.swift in Sources */ = {isa = PBXBuildFile; fileRef = E79C90C62684E8CB00398E41 /* DateFormatter+Factory.swift */; };
		E79C90C92684E8DC00398E41 /* ApiDateTimeFormatter.swift in Sources */ = {isa = PBXBuildFile; fileRef = E79C90C82684E8DC00398E41 /* ApiDateTimeFormatter.swift */; };
		E7AF65D526944F3900F5DAD5 /* BackgroundShadowView.swift in Sources */ = {isa = PBXBuildFile; fileRef = E7AF65D426944F3900F5DAD5 /* BackgroundShadowView.swift */; };
		E7B46FFE2694708D00558BB9 /* SlotFinder.swift in Sources */ = {isa = PBXBuildFile; fileRef = E7B46FFD2694708D00558BB9 /* SlotFinder.swift */; };
		E7B470002694821200558BB9 /* SlotFinderTests.swift in Sources */ = {isa = PBXBuildFile; fileRef = E7B46FFF2694821200558BB9 /* SlotFinderTests.swift */; };
		E7B50CA726949C7400BBEFD9 /* Banalytics.swift in Sources */ = {isa = PBXBuildFile; fileRef = E7B50CA626949C7400BBEFD9 /* Banalytics.swift */; };
		E7B50CAB2694A44B00BBEFD9 /* GoogleService-Info.plist in Resources */ = {isa = PBXBuildFile; fileRef = E7B50CAA2694A44B00BBEFD9 /* GoogleService-Info.plist */; };
		E7B8970C2694CFB200A9BD17 /* BlockedTimesForDaysTransformer.swift in Sources */ = {isa = PBXBuildFile; fileRef = E7B8970B2694CFB200A9BD17 /* BlockedTimesForDaysTransformer.swift */; };
		E7B8970E2694D00700A9BD17 /* BlockedTimesForDaysTransformerTests.swift in Sources */ = {isa = PBXBuildFile; fileRef = E7B8970D2694D00700A9BD17 /* BlockedTimesForDaysTransformerTests.swift */; };
		E7B8F7DD2694683300E4954F /* EmailComposeCoordinator.swift in Sources */ = {isa = PBXBuildFile; fileRef = E7B8F7DC2694683300E4954F /* EmailComposeCoordinator.swift */; };
		E7BA3DC22694A7EA00FC4F47 /* FirebaseAnalyticsWithoutAdIdSupport in Frameworks */ = {isa = PBXBuildFile; productRef = E7BA3DC12694A7EA00FC4F47 /* FirebaseAnalyticsWithoutAdIdSupport */; };
		E7BF6A702694488C0081C638 /* ToastMessageView.swift in Sources */ = {isa = PBXBuildFile; fileRef = E7BF6A6F2694488C0081C638 /* ToastMessageView.swift */; };
		E7BFB365269AC59800EA6AFD /* sama.xcconfig in Resources */ = {isa = PBXBuildFile; fileRef = E7BFB364269AC59800EA6AFD /* sama.xcconfig */; };
		E7BFB368269AEB6500EA6AFD /* SamaKeys.swift in Sources */ = {isa = PBXBuildFile; fileRef = E7BFB367269AEB6500EA6AFD /* SamaKeys.swift */; };
		E7D3C08B26413340009CAB88 /* AppDelegate.swift in Sources */ = {isa = PBXBuildFile; fileRef = E7D3C08A26413340009CAB88 /* AppDelegate.swift */; };
		E7D3C08D26413340009CAB88 /* SceneDelegate.swift in Sources */ = {isa = PBXBuildFile; fileRef = E7D3C08C26413340009CAB88 /* SceneDelegate.swift */; };
		E7D3C09226413340009CAB88 /* Main.storyboard in Resources */ = {isa = PBXBuildFile; fileRef = E7D3C09026413340009CAB88 /* Main.storyboard */; };
		E7D3C09426413342009CAB88 /* Assets.xcassets in Resources */ = {isa = PBXBuildFile; fileRef = E7D3C09326413342009CAB88 /* Assets.xcassets */; };
		E7D3C09726413342009CAB88 /* LaunchScreen.storyboard in Resources */ = {isa = PBXBuildFile; fileRef = E7D3C09526413342009CAB88 /* LaunchScreen.storyboard */; };
		E7D3C0AD26413342009CAB88 /* samaUITests.swift in Sources */ = {isa = PBXBuildFile; fileRef = E7D3C0AC26413342009CAB88 /* samaUITests.swift */; };
		E7D3C0CD26413952009CAB88 /* AuthDirections.swift in Sources */ = {isa = PBXBuildFile; fileRef = E7D3C0CC26413952009CAB88 /* AuthDirections.swift */; };
		E7D5FE8226C971190047B6D3 /* SuggestionsPickerView.swift in Sources */ = {isa = PBXBuildFile; fileRef = E7D5FE8126C971190047B6D3 /* SuggestionsPickerView.swift */; };
		E7EE1D9726BAE2ED00DCE729 /* CalendarSession+Factory.swift in Sources */ = {isa = PBXBuildFile; fileRef = E7EE1D9626BAE2ED00DCE729 /* CalendarSession+Factory.swift */; };
		E7F2810226C4620E0051BB5B /* SuggestionsViewCoordinator.swift in Sources */ = {isa = PBXBuildFile; fileRef = E7F2810126C4620E0051BB5B /* SuggestionsViewCoordinator.swift */; };
		E7F5AD0C266FAF5B00138E42 /* Latinotype - Recoleta Alt Regular.otf in Resources */ = {isa = PBXBuildFile; fileRef = E7F5AD0A266FAF5B00138E42 /* Latinotype - Recoleta Alt Regular.otf */; };
		E7F5AD0D266FAF5B00138E42 /* Latinotype - Recoleta Alt SemiBold.otf in Resources */ = {isa = PBXBuildFile; fileRef = E7F5AD0B266FAF5B00138E42 /* Latinotype - Recoleta Alt SemiBold.otf */; };
		E7F5AD0F266FB03700138E42 /* UIFont+Branded.swift in Sources */ = {isa = PBXBuildFile; fileRef = E7F5AD0E266FB03700138E42 /* UIFont+Branded.swift */; };
		E7F5AD13266FBF8F00138E42 /* ProfileViewController.swift in Sources */ = {isa = PBXBuildFile; fileRef = E7F5AD12266FBF8F00138E42 /* ProfileViewController.swift */; };
		E7F5AD15266FBFD900138E42 /* CalendarNavigationCenter.swift in Sources */ = {isa = PBXBuildFile; fileRef = E7F5AD14266FBFD900138E42 /* CalendarNavigationCenter.swift */; };
		E7F5AD182670A57900138E42 /* FindTimePanel.swift in Sources */ = {isa = PBXBuildFile; fileRef = E7F5AD172670A57900138E42 /* FindTimePanel.swift */; };
		E7F5AD1A2670A58A00138E42 /* TimeZonePickerPanel.swift in Sources */ = {isa = PBXBuildFile; fileRef = E7F5AD192670A58A00138E42 /* TimeZonePickerPanel.swift */; };
		E7F8DD83264EB61D00CD3759 /* CalendarDayCell.swift in Sources */ = {isa = PBXBuildFile; fileRef = E7F8DD82264EB61D00CD3759 /* CalendarDayCell.swift */; };
		E7F8DD882651931500CD3759 /* TimelineView.swift in Sources */ = {isa = PBXBuildFile; fileRef = E7F8DD872651931500CD3759 /* TimelineView.swift */; };
		E7FD55DC26D8B48100C81364 /* MeetingInviteDeepLinkService.swift in Sources */ = {isa = PBXBuildFile; fileRef = E7FD55DB26D8B48100C81364 /* MeetingInviteDeepLinkService.swift */; };
/* End PBXBuildFile section */

/* Begin PBXContainerItemProxy section */
		E7D3C09E26413342009CAB88 /* PBXContainerItemProxy */ = {
			isa = PBXContainerItemProxy;
			containerPortal = E7D3C07F26413340009CAB88 /* Project object */;
			proxyType = 1;
			remoteGlobalIDString = E7D3C08626413340009CAB88;
			remoteInfo = sama;
		};
		E7D3C0A926413342009CAB88 /* PBXContainerItemProxy */ = {
			isa = PBXContainerItemProxy;
			containerPortal = E7D3C07F26413340009CAB88 /* Project object */;
			proxyType = 1;
			remoteGlobalIDString = E7D3C08626413340009CAB88;
			remoteInfo = sama;
		};
/* End PBXContainerItemProxy section */

/* Begin PBXFileReference section */
		E7036FD1267D083D00EFFE4E /* ScrollLock.swift */ = {isa = PBXFileReference; lastKnownFileType = sourcecode.swift; path = ScrollLock.swift; sourceTree = "<group>"; };
		E7036FD3267DF1B300EFFE4E /* EventListItemView.swift */ = {isa = PBXFileReference; lastKnownFileType = sourcecode.swift; path = EventListItemView.swift; sourceTree = "<group>"; };
		E70A66582674C7D100C88EA1 /* DurationPickerPanel.swift */ = {isa = PBXFileReference; lastKnownFileType = sourcecode.swift; path = DurationPickerPanel.swift; sourceTree = "<group>"; };
		E70A665A2674CACB00C88EA1 /* UIView+Helpers.swift */ = {isa = PBXFileReference; lastKnownFileType = sourcecode.swift; path = "UIView+Helpers.swift"; sourceTree = "<group>"; };
		E70A665C2674F02C00C88EA1 /* MainActionButton.swift */ = {isa = PBXFileReference; lastKnownFileType = sourcecode.swift; path = MainActionButton.swift; sourceTree = "<group>"; };
		E70A665E267536A400C88EA1 /* HighlightableSimpleCell.swift */ = {isa = PBXFileReference; lastKnownFileType = sourcecode.swift; path = HighlightableSimpleCell.swift; sourceTree = "<group>"; };
		E710CFDA2685DD0C0060218C /* CALayer+Helpers.swift */ = {isa = PBXFileReference; lastKnownFileType = sourcecode.swift; path = "CALayer+Helpers.swift"; sourceTree = "<group>"; };
		E72634C426CADAC60041886D /* SuggestionsPickerLayout.swift */ = {isa = PBXFileReference; lastKnownFileType = sourcecode.swift; path = SuggestionsPickerLayout.swift; sourceTree = "<group>"; };
		E72634CB26CADB380041886D /* SuggestionsPickerViewCell.swift */ = {isa = PBXFileReference; lastKnownFileType = sourcecode.swift; path = SuggestionsPickerViewCell.swift; sourceTree = "<group>"; };
		E732E958266256A9008A8B82 /* UIColors+Branded.swift */ = {isa = PBXFileReference; lastKnownFileType = sourcecode.swift; path = "UIColors+Branded.swift"; sourceTree = "<group>"; };
		E732E95D266280EA008A8B82 /* UIView+NSLayoutConstraint.swift */ = {isa = PBXFileReference; lastKnownFileType = sourcecode.swift; path = "UIView+NSLayoutConstraint.swift"; sourceTree = "<group>"; };
		E7480392269390A600573DE2 /* Calendar+Convenience.swift */ = {isa = PBXFileReference; lastKnownFileType = sourcecode.swift; path = "Calendar+Convenience.swift"; sourceTree = "<group>"; };
		E74C8A4226B7045B009D6D90 /* AuthResultHandler.swift */ = {isa = PBXFileReference; lastKnownFileType = sourcecode.swift; path = AuthResultHandler.swift; sourceTree = "<group>"; };
		E74C8A4426B704DA009D6D90 /* AppAuthError.swift */ = {isa = PBXFileReference; lastKnownFileType = sourcecode.swift; path = AppAuthError.swift; sourceTree = "<group>"; };
		E758054126D2896E00E9DEAD /* LightTextField.swift */ = {isa = PBXFileReference; lastKnownFileType = sourcecode.swift; path = LightTextField.swift; sourceTree = "<group>"; };
		E758054326D2AAFF00E9DEAD /* SuggestionsPickCalendarSlider.swift */ = {isa = PBXFileReference; lastKnownFileType = sourcecode.swift; path = SuggestionsPickCalendarSlider.swift; sourceTree = "<group>"; };
		E763A5C52643E16D00135A2F /* AuthToken.swift */ = {isa = PBXFileReference; lastKnownFileType = sourcecode.swift; path = AuthToken.swift; sourceTree = "<group>"; };
		E763A6D6269733EE00082BCE /* AcknowledgementsViewController.swift */ = {isa = PBXFileReference; lastKnownFileType = sourcecode.swift; path = AcknowledgementsViewController.swift; sourceTree = "<group>"; };
		E763A6DA2697383B00082BCE /* firebase */ = {isa = PBXFileReference; lastKnownFileType = text; path = firebase; sourceTree = "<group>"; };
		E76E85EE264D1E4F00FAC1DF /* sama.entitlements */ = {isa = PBXFileReference; lastKnownFileType = text.plist.entitlements; path = sama.entitlements; sourceTree = "<group>"; };
		E76E8621264D237400FAC1DF /* RemoteNotificationsTokenSync.swift */ = {isa = PBXFileReference; lastKnownFileType = sourcecode.swift; path = RemoteNotificationsTokenSync.swift; sourceTree = "<group>"; };
		E77571EF26C4EFAE0034BAC9 /* SlotSuggestionView.swift */ = {isa = PBXFileReference; lastKnownFileType = sourcecode.swift; path = SlotSuggestionView.swift; sourceTree = "<group>"; };
		E777A93D2680F1E50004AE8E /* EventsCoordinator.swift */ = {isa = PBXFileReference; lastKnownFileType = sourcecode.swift; path = EventsCoordinator.swift; sourceTree = "<group>"; };
		E790EEC526D2B630002261A2 /* ProposedAvailableSlotsTransformer.swift */ = {isa = PBXFileReference; lastKnownFileType = sourcecode.swift; path = ProposedAvailableSlotsTransformer.swift; sourceTree = "<group>"; };
		E794D32E26CECCEC001FB521 /* MeetingInviteRecipientInputPanel.swift */ = {isa = PBXFileReference; lastKnownFileType = sourcecode.swift; path = MeetingInviteRecipientInputPanel.swift; sourceTree = "<group>"; };
		E795793E266F5F4C005B9F39 /* CalendarBlocks.swift */ = {isa = PBXFileReference; lastKnownFileType = sourcecode.swift; path = CalendarBlocks.swift; sourceTree = "<group>"; };
		E7957940266F5F62005B9F39 /* CalendarSession.swift */ = {isa = PBXFileReference; lastKnownFileType = sourcecode.swift; path = CalendarSession.swift; sourceTree = "<group>"; };
		E7957942266F5F7B005B9F39 /* CalendarLayout.swift */ = {isa = PBXFileReference; lastKnownFileType = sourcecode.swift; path = CalendarLayout.swift; sourceTree = "<group>"; };
		E7957944266F628A005B9F39 /* RoutingViewController.swift */ = {isa = PBXFileReference; lastKnownFileType = sourcecode.swift; path = RoutingViewController.swift; sourceTree = "<group>"; };
		E7957946266F629B005B9F39 /* CalendarViewController.swift */ = {isa = PBXFileReference; lastKnownFileType = sourcecode.swift; path = CalendarViewController.swift; sourceTree = "<group>"; };
		E7957948266F6457005B9F39 /* OnboardingViewController.swift */ = {isa = PBXFileReference; lastKnownFileType = sourcecode.swift; path = OnboardingViewController.swift; sourceTree = "<group>"; };
		E7978E9926BC5124001B199A /* SignInGoogleButton.swift */ = {isa = PBXFileReference; lastKnownFileType = sourcecode.swift; path = SignInGoogleButton.swift; sourceTree = "<group>"; };
		E79B09D52677A05300ADD43D /* EventDatesPanel.swift */ = {isa = PBXFileReference; lastKnownFileType = sourcecode.swift; path = EventDatesPanel.swift; sourceTree = "<group>"; };
		E79B09D72677A34A00ADD43D /* EventView.swift */ = {isa = PBXFileReference; lastKnownFileType = sourcecode.swift; path = EventView.swift; sourceTree = "<group>"; };
		E79C90C02684C37A00398E41 /* Api.swift */ = {isa = PBXFileReference; lastKnownFileType = sourcecode.swift; path = Api.swift; sourceTree = "<group>"; };
		E79C90C22684C7A100398E41 /* Sama.swift */ = {isa = PBXFileReference; lastKnownFileType = sourcecode.swift; path = Sama.swift; sourceTree = "<group>"; };
		E79C90C42684D58600398E41 /* AuthContainer.swift */ = {isa = PBXFileReference; lastKnownFileType = sourcecode.swift; path = AuthContainer.swift; sourceTree = "<group>"; };
		E79C90C62684E8CB00398E41 /* DateFormatter+Factory.swift */ = {isa = PBXFileReference; lastKnownFileType = sourcecode.swift; path = "DateFormatter+Factory.swift"; sourceTree = "<group>"; };
		E79C90C82684E8DC00398E41 /* ApiDateTimeFormatter.swift */ = {isa = PBXFileReference; lastKnownFileType = sourcecode.swift; path = ApiDateTimeFormatter.swift; sourceTree = "<group>"; };
		E7AF65D426944F3900F5DAD5 /* BackgroundShadowView.swift */ = {isa = PBXFileReference; lastKnownFileType = sourcecode.swift; path = BackgroundShadowView.swift; sourceTree = "<group>"; };
		E7B46FFD2694708D00558BB9 /* SlotFinder.swift */ = {isa = PBXFileReference; lastKnownFileType = sourcecode.swift; path = SlotFinder.swift; sourceTree = "<group>"; };
		E7B46FFF2694821200558BB9 /* SlotFinderTests.swift */ = {isa = PBXFileReference; lastKnownFileType = sourcecode.swift; path = SlotFinderTests.swift; sourceTree = "<group>"; };
		E7B50CA626949C7400BBEFD9 /* Banalytics.swift */ = {isa = PBXFileReference; lastKnownFileType = sourcecode.swift; path = Banalytics.swift; sourceTree = "<group>"; };
		E7B50CAA2694A44B00BBEFD9 /* GoogleService-Info.plist */ = {isa = PBXFileReference; fileEncoding = 4; lastKnownFileType = text.plist.xml; path = "GoogleService-Info.plist"; sourceTree = "<group>"; };
		E7B8970B2694CFB200A9BD17 /* BlockedTimesForDaysTransformer.swift */ = {isa = PBXFileReference; lastKnownFileType = sourcecode.swift; path = BlockedTimesForDaysTransformer.swift; sourceTree = "<group>"; };
		E7B8970D2694D00700A9BD17 /* BlockedTimesForDaysTransformerTests.swift */ = {isa = PBXFileReference; lastKnownFileType = sourcecode.swift; path = BlockedTimesForDaysTransformerTests.swift; sourceTree = "<group>"; };
		E7B8F7DC2694683300E4954F /* EmailComposeCoordinator.swift */ = {isa = PBXFileReference; lastKnownFileType = sourcecode.swift; path = EmailComposeCoordinator.swift; sourceTree = "<group>"; };
		E7BF6A6F2694488C0081C638 /* ToastMessageView.swift */ = {isa = PBXFileReference; lastKnownFileType = sourcecode.swift; path = ToastMessageView.swift; sourceTree = "<group>"; };
		E7BFB364269AC59800EA6AFD /* sama.xcconfig */ = {isa = PBXFileReference; fileEncoding = 4; lastKnownFileType = text.xcconfig; path = sama.xcconfig; sourceTree = "<group>"; };
		E7BFB367269AEB6500EA6AFD /* SamaKeys.swift */ = {isa = PBXFileReference; lastKnownFileType = sourcecode.swift; path = SamaKeys.swift; sourceTree = "<group>"; };
		E7D3C08726413340009CAB88 /* Sama.app */ = {isa = PBXFileReference; explicitFileType = wrapper.application; includeInIndex = 0; path = Sama.app; sourceTree = BUILT_PRODUCTS_DIR; };
		E7D3C08A26413340009CAB88 /* AppDelegate.swift */ = {isa = PBXFileReference; lastKnownFileType = sourcecode.swift; path = AppDelegate.swift; sourceTree = "<group>"; };
		E7D3C08C26413340009CAB88 /* SceneDelegate.swift */ = {isa = PBXFileReference; lastKnownFileType = sourcecode.swift; path = SceneDelegate.swift; sourceTree = "<group>"; };
		E7D3C09126413340009CAB88 /* Base */ = {isa = PBXFileReference; lastKnownFileType = file.storyboard; name = Base; path = Base.lproj/Main.storyboard; sourceTree = "<group>"; };
		E7D3C09326413342009CAB88 /* Assets.xcassets */ = {isa = PBXFileReference; lastKnownFileType = folder.assetcatalog; path = Assets.xcassets; sourceTree = "<group>"; };
		E7D3C09626413342009CAB88 /* Base */ = {isa = PBXFileReference; lastKnownFileType = file.storyboard; name = Base; path = Base.lproj/LaunchScreen.storyboard; sourceTree = "<group>"; };
		E7D3C09826413342009CAB88 /* Info.plist */ = {isa = PBXFileReference; lastKnownFileType = text.plist.xml; path = Info.plist; sourceTree = "<group>"; };
		E7D3C09D26413342009CAB88 /* samaTests.xctest */ = {isa = PBXFileReference; explicitFileType = wrapper.cfbundle; includeInIndex = 0; path = samaTests.xctest; sourceTree = BUILT_PRODUCTS_DIR; };
		E7D3C0A326413342009CAB88 /* Info.plist */ = {isa = PBXFileReference; lastKnownFileType = text.plist.xml; path = Info.plist; sourceTree = "<group>"; };
		E7D3C0A826413342009CAB88 /* samaUITests.xctest */ = {isa = PBXFileReference; explicitFileType = wrapper.cfbundle; includeInIndex = 0; path = samaUITests.xctest; sourceTree = BUILT_PRODUCTS_DIR; };
		E7D3C0AC26413342009CAB88 /* samaUITests.swift */ = {isa = PBXFileReference; lastKnownFileType = sourcecode.swift; path = samaUITests.swift; sourceTree = "<group>"; };
		E7D3C0AE26413342009CAB88 /* Info.plist */ = {isa = PBXFileReference; lastKnownFileType = text.plist.xml; path = Info.plist; sourceTree = "<group>"; };
		E7D3C0CC26413952009CAB88 /* AuthDirections.swift */ = {isa = PBXFileReference; lastKnownFileType = sourcecode.swift; path = AuthDirections.swift; sourceTree = "<group>"; };
		E7D5FE8126C971190047B6D3 /* SuggestionsPickerView.swift */ = {isa = PBXFileReference; lastKnownFileType = sourcecode.swift; path = SuggestionsPickerView.swift; sourceTree = "<group>"; };
		E7EE1D9626BAE2ED00DCE729 /* CalendarSession+Factory.swift */ = {isa = PBXFileReference; lastKnownFileType = sourcecode.swift; path = "CalendarSession+Factory.swift"; sourceTree = "<group>"; };
		E7F2810126C4620E0051BB5B /* SuggestionsViewCoordinator.swift */ = {isa = PBXFileReference; lastKnownFileType = sourcecode.swift; path = SuggestionsViewCoordinator.swift; sourceTree = "<group>"; };
		E7F5AD0A266FAF5B00138E42 /* Latinotype - Recoleta Alt Regular.otf */ = {isa = PBXFileReference; lastKnownFileType = file; path = "Latinotype - Recoleta Alt Regular.otf"; sourceTree = "<group>"; };
		E7F5AD0B266FAF5B00138E42 /* Latinotype - Recoleta Alt SemiBold.otf */ = {isa = PBXFileReference; lastKnownFileType = file; path = "Latinotype - Recoleta Alt SemiBold.otf"; sourceTree = "<group>"; };
		E7F5AD0E266FB03700138E42 /* UIFont+Branded.swift */ = {isa = PBXFileReference; lastKnownFileType = sourcecode.swift; path = "UIFont+Branded.swift"; sourceTree = "<group>"; };
		E7F5AD12266FBF8F00138E42 /* ProfileViewController.swift */ = {isa = PBXFileReference; lastKnownFileType = sourcecode.swift; path = ProfileViewController.swift; sourceTree = "<group>"; };
		E7F5AD14266FBFD900138E42 /* CalendarNavigationCenter.swift */ = {isa = PBXFileReference; lastKnownFileType = sourcecode.swift; path = CalendarNavigationCenter.swift; sourceTree = "<group>"; };
		E7F5AD172670A57900138E42 /* FindTimePanel.swift */ = {isa = PBXFileReference; lastKnownFileType = sourcecode.swift; path = FindTimePanel.swift; sourceTree = "<group>"; };
		E7F5AD192670A58A00138E42 /* TimeZonePickerPanel.swift */ = {isa = PBXFileReference; lastKnownFileType = sourcecode.swift; path = TimeZonePickerPanel.swift; sourceTree = "<group>"; };
		E7F8DD82264EB61D00CD3759 /* CalendarDayCell.swift */ = {isa = PBXFileReference; lastKnownFileType = sourcecode.swift; path = CalendarDayCell.swift; sourceTree = "<group>"; };
		E7F8DD872651931500CD3759 /* TimelineView.swift */ = {isa = PBXFileReference; lastKnownFileType = sourcecode.swift; path = TimelineView.swift; sourceTree = "<group>"; };
		E7FD55DB26D8B48100C81364 /* MeetingInviteDeepLinkService.swift */ = {isa = PBXFileReference; lastKnownFileType = sourcecode.swift; path = MeetingInviteDeepLinkService.swift; sourceTree = "<group>"; };
/* End PBXFileReference section */

/* Begin PBXFrameworksBuildPhase section */
		E7D3C08426413340009CAB88 /* Frameworks */ = {
			isa = PBXFrameworksBuildPhase;
			buildActionMask = 2147483647;
			files = (
				E71755102698AAEE003B5A32 /* FirebaseCrashlytics in Frameworks */,
				E76E85E2264D195200FAC1DF /* FirebaseMessaging in Frameworks */,
				E7BA3DC22694A7EA00FC4F47 /* FirebaseAnalyticsWithoutAdIdSupport in Frameworks */,
			);
			runOnlyForDeploymentPostprocessing = 0;
		};
		E7D3C09A26413342009CAB88 /* Frameworks */ = {
			isa = PBXFrameworksBuildPhase;
			buildActionMask = 2147483647;
			files = (
			);
			runOnlyForDeploymentPostprocessing = 0;
		};
		E7D3C0A526413342009CAB88 /* Frameworks */ = {
			isa = PBXFrameworksBuildPhase;
			buildActionMask = 2147483647;
			files = (
			);
			runOnlyForDeploymentPostprocessing = 0;
		};
/* End PBXFrameworksBuildPhase section */

/* Begin PBXGroup section */
		E72634CA26CADB0F0041886D /* SuggestionsPicker */ = {
			isa = PBXGroup;
			children = (
				E7F2810126C4620E0051BB5B /* SuggestionsViewCoordinator.swift */,
				E77571EF26C4EFAE0034BAC9 /* SlotSuggestionView.swift */,
				E7D5FE8126C971190047B6D3 /* SuggestionsPickerView.swift */,
				E72634C426CADAC60041886D /* SuggestionsPickerLayout.swift */,
				E72634CB26CADB380041886D /* SuggestionsPickerViewCell.swift */,
				E794D32E26CECCEC001FB521 /* MeetingInviteRecipientInputPanel.swift */,
				E758054326D2AAFF00E9DEAD /* SuggestionsPickCalendarSlider.swift */,
				E790EEC526D2B630002261A2 /* ProposedAvailableSlotsTransformer.swift */,
			);
			path = SuggestionsPicker;
			sourceTree = "<group>";
		};
		E763A6D8269737F900082BCE /* Resources */ = {
			isa = PBXGroup;
			children = (
				E7BFB364269AC59800EA6AFD /* sama.xcconfig */,
				E763A6D92697380600082BCE /* Licenses */,
			);
			path = Resources;
			sourceTree = "<group>";
		};
		E763A6D92697380600082BCE /* Licenses */ = {
			isa = PBXGroup;
			children = (
				E763A6DA2697383B00082BCE /* firebase */,
			);
			path = Licenses;
			sourceTree = "<group>";
		};
		E795793D266F5F40005B9F39 /* Calendar */ = {
			isa = PBXGroup;
			children = (
				E795793E266F5F4C005B9F39 /* CalendarBlocks.swift */,
				E7957940266F5F62005B9F39 /* CalendarSession.swift */,
				E7957942266F5F7B005B9F39 /* CalendarLayout.swift */,
				E7957946266F629B005B9F39 /* CalendarViewController.swift */,
				E7F8DD82264EB61D00CD3759 /* CalendarDayCell.swift */,
				E7F5AD14266FBFD900138E42 /* CalendarNavigationCenter.swift */,
				E79B09D72677A34A00ADD43D /* EventView.swift */,
				E7036FD1267D083D00EFFE4E /* ScrollLock.swift */,
				E777A93D2680F1E50004AE8E /* EventsCoordinator.swift */,
				E7B46FFD2694708D00558BB9 /* SlotFinder.swift */,
				E7B8970B2694CFB200A9BD17 /* BlockedTimesForDaysTransformer.swift */,
				E7EE1D9626BAE2ED00DCE729 /* CalendarSession+Factory.swift */,
			);
			path = Calendar;
			sourceTree = "<group>";
		};
		E79C90BF2684C37200398E41 /* Api */ = {
			isa = PBXGroup;
			children = (
				E79C90C02684C37A00398E41 /* Api.swift */,
				E79C90C42684D58600398E41 /* AuthContainer.swift */,
			);
			path = Api;
			sourceTree = "<group>";
		};
		E7BA3DC02694A7EA00FC4F47 /* Frameworks */ = {
			isa = PBXGroup;
			children = (
			);
			name = Frameworks;
			sourceTree = "<group>";
		};
		E7BFB366269AEB5500EA6AFD /* Environment */ = {
			isa = PBXGroup;
			children = (
				E7BFB367269AEB6500EA6AFD /* SamaKeys.swift */,
			);
			path = Environment;
			sourceTree = "<group>";
		};
		E7D3C07E26413340009CAB88 = {
			isa = PBXGroup;
			children = (
				E7D3C08926413340009CAB88 /* sama */,
				E7D3C0A026413342009CAB88 /* samaTests */,
				E7D3C0AB26413342009CAB88 /* samaUITests */,
				E7D3C08826413340009CAB88 /* Products */,
				E7BA3DC02694A7EA00FC4F47 /* Frameworks */,
			);
			sourceTree = "<group>";
		};
		E7D3C08826413340009CAB88 /* Products */ = {
			isa = PBXGroup;
			children = (
				E7D3C08726413340009CAB88 /* Sama.app */,
				E7D3C09D26413342009CAB88 /* samaTests.xctest */,
				E7D3C0A826413342009CAB88 /* samaUITests.xctest */,
			);
			name = Products;
			sourceTree = "<group>";
		};
		E7D3C08926413340009CAB88 /* sama */ = {
			isa = PBXGroup;
			children = (
				E763A6D8269737F900082BCE /* Resources */,
				E79C90BF2684C37200398E41 /* Api */,
				E7F5AD162670A56D00138E42 /* ActionPanel */,
				E795793D266F5F40005B9F39 /* Calendar */,
				E76E85EE264D1E4F00FAC1DF /* sama.entitlements */,
				E7D3C0CB26413948009CAB88 /* Auth */,
				E72634CA26CADB0F0041886D /* SuggestionsPicker */,
				E7D3C08A26413340009CAB88 /* AppDelegate.swift */,
				E7D3C08C26413340009CAB88 /* SceneDelegate.swift */,
				E76E8621264D237400FAC1DF /* RemoteNotificationsTokenSync.swift */,
				E7D3C09026413340009CAB88 /* Main.storyboard */,
				E7D3C09326413342009CAB88 /* Assets.xcassets */,
				E7D3C09526413342009CAB88 /* LaunchScreen.storyboard */,
				E7D3C09826413342009CAB88 /* Info.plist */,
				E7F8DD872651931500CD3759 /* TimelineView.swift */,
				E732E958266256A9008A8B82 /* UIColors+Branded.swift */,
				E732E95D266280EA008A8B82 /* UIView+NSLayoutConstraint.swift */,
				E7957944266F628A005B9F39 /* RoutingViewController.swift */,
				E7957948266F6457005B9F39 /* OnboardingViewController.swift */,
				E7F5AD09266FAF4B00138E42 /* fonts */,
				E7F5AD0E266FB03700138E42 /* UIFont+Branded.swift */,
				E7F5AD12266FBF8F00138E42 /* ProfileViewController.swift */,
				E70A665C2674F02C00C88EA1 /* MainActionButton.swift */,
				E70A665E267536A400C88EA1 /* HighlightableSimpleCell.swift */,
				E79C90C22684C7A100398E41 /* Sama.swift */,
				E79C90C62684E8CB00398E41 /* DateFormatter+Factory.swift */,
				E79C90C82684E8DC00398E41 /* ApiDateTimeFormatter.swift */,
				E710CFDA2685DD0C0060218C /* CALayer+Helpers.swift */,
				E7480392269390A600573DE2 /* Calendar+Convenience.swift */,
				E7BF6A6F2694488C0081C638 /* ToastMessageView.swift */,
				E7AF65D426944F3900F5DAD5 /* BackgroundShadowView.swift */,
				E7B8F7DC2694683300E4954F /* EmailComposeCoordinator.swift */,
				E7B50CA626949C7400BBEFD9 /* Banalytics.swift */,
				E7B50CAA2694A44B00BBEFD9 /* GoogleService-Info.plist */,
				E763A6D6269733EE00082BCE /* AcknowledgementsViewController.swift */,
				E7BFB366269AEB5500EA6AFD /* Environment */,
				E7978E9926BC5124001B199A /* SignInGoogleButton.swift */,
				E758054126D2896E00E9DEAD /* LightTextField.swift */,
				E7FD55DB26D8B48100C81364 /* MeetingInviteDeepLinkService.swift */,
			);
			path = sama;
			sourceTree = "<group>";
		};
		E7D3C0A026413342009CAB88 /* samaTests */ = {
			isa = PBXGroup;
			children = (
				E7D3C0A326413342009CAB88 /* Info.plist */,
				E7B46FFF2694821200558BB9 /* SlotFinderTests.swift */,
				E7B8970D2694D00700A9BD17 /* BlockedTimesForDaysTransformerTests.swift */,
			);
			path = samaTests;
			sourceTree = "<group>";
		};
		E7D3C0AB26413342009CAB88 /* samaUITests */ = {
			isa = PBXGroup;
			children = (
				E7D3C0AC26413342009CAB88 /* samaUITests.swift */,
				E7D3C0AE26413342009CAB88 /* Info.plist */,
			);
			path = samaUITests;
			sourceTree = "<group>";
		};
		E7D3C0CB26413948009CAB88 /* Auth */ = {
			isa = PBXGroup;
			children = (
				E7D3C0CC26413952009CAB88 /* AuthDirections.swift */,
				E763A5C52643E16D00135A2F /* AuthToken.swift */,
				E74C8A4226B7045B009D6D90 /* AuthResultHandler.swift */,
				E74C8A4426B704DA009D6D90 /* AppAuthError.swift */,
			);
			path = Auth;
			sourceTree = "<group>";
		};
		E7F5AD09266FAF4B00138E42 /* fonts */ = {
			isa = PBXGroup;
			children = (
				E7F5AD0A266FAF5B00138E42 /* Latinotype - Recoleta Alt Regular.otf */,
				E7F5AD0B266FAF5B00138E42 /* Latinotype - Recoleta Alt SemiBold.otf */,
			);
			path = fonts;
			sourceTree = "<group>";
		};
		E7F5AD162670A56D00138E42 /* ActionPanel */ = {
			isa = PBXGroup;
			children = (
				E7F5AD172670A57900138E42 /* FindTimePanel.swift */,
				E7F5AD192670A58A00138E42 /* TimeZonePickerPanel.swift */,
				E70A66582674C7D100C88EA1 /* DurationPickerPanel.swift */,
				E79B09D52677A05300ADD43D /* EventDatesPanel.swift */,
				E70A665A2674CACB00C88EA1 /* UIView+Helpers.swift */,
				E7036FD3267DF1B300EFFE4E /* EventListItemView.swift */,
			);
			path = ActionPanel;
			sourceTree = "<group>";
		};
/* End PBXGroup section */

/* Begin PBXNativeTarget section */
		E7D3C08626413340009CAB88 /* sama */ = {
			isa = PBXNativeTarget;
			buildConfigurationList = E7D3C0B126413342009CAB88 /* Build configuration list for PBXNativeTarget "sama" */;
			buildPhases = (
				E7D3C08326413340009CAB88 /* Sources */,
				E7D3C08426413340009CAB88 /* Frameworks */,
				E7D3C08526413340009CAB88 /* Resources */,
			);
			buildRules = (
			);
			dependencies = (
			);
			name = sama;
			packageProductDependencies = (
				E76E85E1264D195200FAC1DF /* FirebaseMessaging */,
				E7BA3DC12694A7EA00FC4F47 /* FirebaseAnalyticsWithoutAdIdSupport */,
				E717550F2698AAEE003B5A32 /* FirebaseCrashlytics */,
			);
			productName = sama;
			productReference = E7D3C08726413340009CAB88 /* Sama.app */;
			productType = "com.apple.product-type.application";
		};
		E7D3C09C26413342009CAB88 /* samaTests */ = {
			isa = PBXNativeTarget;
			buildConfigurationList = E7D3C0B426413342009CAB88 /* Build configuration list for PBXNativeTarget "samaTests" */;
			buildPhases = (
				E7D3C09926413342009CAB88 /* Sources */,
				E7D3C09A26413342009CAB88 /* Frameworks */,
				E7D3C09B26413342009CAB88 /* Resources */,
			);
			buildRules = (
			);
			dependencies = (
				E7D3C09F26413342009CAB88 /* PBXTargetDependency */,
			);
			name = samaTests;
			productName = samaTests;
			productReference = E7D3C09D26413342009CAB88 /* samaTests.xctest */;
			productType = "com.apple.product-type.bundle.unit-test";
		};
		E7D3C0A726413342009CAB88 /* samaUITests */ = {
			isa = PBXNativeTarget;
			buildConfigurationList = E7D3C0B726413342009CAB88 /* Build configuration list for PBXNativeTarget "samaUITests" */;
			buildPhases = (
				E7D3C0A426413342009CAB88 /* Sources */,
				E7D3C0A526413342009CAB88 /* Frameworks */,
				E7D3C0A626413342009CAB88 /* Resources */,
			);
			buildRules = (
			);
			dependencies = (
				E7D3C0AA26413342009CAB88 /* PBXTargetDependency */,
			);
			name = samaUITests;
			productName = samaUITests;
			productReference = E7D3C0A826413342009CAB88 /* samaUITests.xctest */;
			productType = "com.apple.product-type.bundle.ui-testing";
		};
/* End PBXNativeTarget section */

/* Begin PBXProject section */
		E7D3C07F26413340009CAB88 /* Project object */ = {
			isa = PBXProject;
			attributes = {
				LastSwiftUpdateCheck = 1240;
				LastUpgradeCheck = 1240;
				TargetAttributes = {
					E7D3C08626413340009CAB88 = {
						CreatedOnToolsVersion = 12.4;
					};
					E7D3C09C26413342009CAB88 = {
						CreatedOnToolsVersion = 12.4;
						TestTargetID = E7D3C08626413340009CAB88;
					};
					E7D3C0A726413342009CAB88 = {
						CreatedOnToolsVersion = 12.4;
						TestTargetID = E7D3C08626413340009CAB88;
					};
				};
			};
			buildConfigurationList = E7D3C08226413340009CAB88 /* Build configuration list for PBXProject "sama" */;
			compatibilityVersion = "Xcode 9.3";
			developmentRegion = en;
			hasScannedForEncodings = 0;
			knownRegions = (
				en,
				Base,
			);
			mainGroup = E7D3C07E26413340009CAB88;
			packageReferences = (
				E76E85E0264D195200FAC1DF /* XCRemoteSwiftPackageReference "firebase-ios-sdk" */,
			);
			productRefGroup = E7D3C08826413340009CAB88 /* Products */;
			projectDirPath = "";
			projectRoot = "";
			targets = (
				E7D3C08626413340009CAB88 /* sama */,
				E7D3C09C26413342009CAB88 /* samaTests */,
				E7D3C0A726413342009CAB88 /* samaUITests */,
			);
		};
/* End PBXProject section */

/* Begin PBXResourcesBuildPhase section */
		E7D3C08526413340009CAB88 /* Resources */ = {
			isa = PBXResourcesBuildPhase;
			buildActionMask = 2147483647;
			files = (
				E7D3C09726413342009CAB88 /* LaunchScreen.storyboard in Resources */,
				E7F5AD0D266FAF5B00138E42 /* Latinotype - Recoleta Alt SemiBold.otf in Resources */,
				E7F5AD0C266FAF5B00138E42 /* Latinotype - Recoleta Alt Regular.otf in Resources */,
				E763A6DB2697383B00082BCE /* firebase in Resources */,
				E7D3C09426413342009CAB88 /* Assets.xcassets in Resources */,
				E7D3C09226413340009CAB88 /* Main.storyboard in Resources */,
				E7BFB365269AC59800EA6AFD /* sama.xcconfig in Resources */,
				E7B50CAB2694A44B00BBEFD9 /* GoogleService-Info.plist in Resources */,
			);
			runOnlyForDeploymentPostprocessing = 0;
		};
		E7D3C09B26413342009CAB88 /* Resources */ = {
			isa = PBXResourcesBuildPhase;
			buildActionMask = 2147483647;
			files = (
			);
			runOnlyForDeploymentPostprocessing = 0;
		};
		E7D3C0A626413342009CAB88 /* Resources */ = {
			isa = PBXResourcesBuildPhase;
			buildActionMask = 2147483647;
			files = (
			);
			runOnlyForDeploymentPostprocessing = 0;
		};
/* End PBXResourcesBuildPhase section */

/* Begin PBXSourcesBuildPhase section */
		E7D3C08326413340009CAB88 /* Sources */ = {
			isa = PBXSourcesBuildPhase;
			buildActionMask = 2147483647;
			files = (
				E790EEC626D2B630002261A2 /* ProposedAvailableSlotsTransformer.swift in Sources */,
				E7957947266F629B005B9F39 /* CalendarViewController.swift in Sources */,
				E7F5AD182670A57900138E42 /* FindTimePanel.swift in Sources */,
				E710CFDB2685DD0C0060218C /* CALayer+Helpers.swift in Sources */,
				E758054226D2896E00E9DEAD /* LightTextField.swift in Sources */,
				E7036FD4267DF1B300EFFE4E /* EventListItemView.swift in Sources */,
				E7978E9A26BC5124001B199A /* SignInGoogleButton.swift in Sources */,
				E79C90C52684D58600398E41 /* AuthContainer.swift in Sources */,
				E7D5FE8226C971190047B6D3 /* SuggestionsPickerView.swift in Sources */,
				E7B46FFE2694708D00558BB9 /* SlotFinder.swift in Sources */,
				E79C90C72684E8CB00398E41 /* DateFormatter+Factory.swift in Sources */,
				E72634CC26CADB380041886D /* SuggestionsPickerViewCell.swift in Sources */,
				E732E95E266280EA008A8B82 /* UIView+NSLayoutConstraint.swift in Sources */,
				E763A6D7269733EE00082BCE /* AcknowledgementsViewController.swift in Sources */,
				E7957945266F628A005B9F39 /* RoutingViewController.swift in Sources */,
				E732E959266256A9008A8B82 /* UIColors+Branded.swift in Sources */,
				E7F5AD15266FBFD900138E42 /* CalendarNavigationCenter.swift in Sources */,
				E70A665F267536A400C88EA1 /* HighlightableSimpleCell.swift in Sources */,
				E70A665B2674CACB00C88EA1 /* UIView+Helpers.swift in Sources */,
				E74C8A4526B704DA009D6D90 /* AppAuthError.swift in Sources */,
				E7FD55DC26D8B48100C81364 /* MeetingInviteDeepLinkService.swift in Sources */,
				E7957941266F5F62005B9F39 /* CalendarSession.swift in Sources */,
				E795793F266F5F4C005B9F39 /* CalendarBlocks.swift in Sources */,
				E7036FD2267D083D00EFFE4E /* ScrollLock.swift in Sources */,
				E7F8DD83264EB61D00CD3759 /* CalendarDayCell.swift in Sources */,
				E70A66592674C7D100C88EA1 /* DurationPickerPanel.swift in Sources */,
				E777A93E2680F1E50004AE8E /* EventsCoordinator.swift in Sources */,
				E72634C526CADAC60041886D /* SuggestionsPickerLayout.swift in Sources */,
				E7B8F7DD2694683300E4954F /* EmailComposeCoordinator.swift in Sources */,
				E7F5AD1A2670A58A00138E42 /* TimeZonePickerPanel.swift in Sources */,
				E79C90C92684E8DC00398E41 /* ApiDateTimeFormatter.swift in Sources */,
				E7BFB368269AEB6500EA6AFD /* SamaKeys.swift in Sources */,
				E7EE1D9726BAE2ED00DCE729 /* CalendarSession+Factory.swift in Sources */,
				E79C90C32684C7A100398E41 /* Sama.swift in Sources */,
				E7B50CA726949C7400BBEFD9 /* Banalytics.swift in Sources */,
				E70A665D2674F02C00C88EA1 /* MainActionButton.swift in Sources */,
				E7F5AD13266FBF8F00138E42 /* ProfileViewController.swift in Sources */,
				E79C90C12684C37A00398E41 /* Api.swift in Sources */,
				E79B09D82677A34A00ADD43D /* EventView.swift in Sources */,
				E7BF6A702694488C0081C638 /* ToastMessageView.swift in Sources */,
				E7957949266F6457005B9F39 /* OnboardingViewController.swift in Sources */,
				E74C8A4326B7045B009D6D90 /* AuthResultHandler.swift in Sources */,
				E79B09D62677A05300ADD43D /* EventDatesPanel.swift in Sources */,
				E7F2810226C4620E0051BB5B /* SuggestionsViewCoordinator.swift in Sources */,
				E7AF65D526944F3900F5DAD5 /* BackgroundShadowView.swift in Sources */,
				E7D3C0CD26413952009CAB88 /* AuthDirections.swift in Sources */,
				E7D3C08B26413340009CAB88 /* AppDelegate.swift in Sources */,
				E76E8622264D237400FAC1DF /* RemoteNotificationsTokenSync.swift in Sources */,
				E763A5C62643E16D00135A2F /* AuthToken.swift in Sources */,
				E794D32F26CECCEC001FB521 /* MeetingInviteRecipientInputPanel.swift in Sources */,
				E7480393269390A600573DE2 /* Calendar+Convenience.swift in Sources */,
				E7D3C08D26413340009CAB88 /* SceneDelegate.swift in Sources */,
				E7B8970C2694CFB200A9BD17 /* BlockedTimesForDaysTransformer.swift in Sources */,
				E77571F026C4EFAE0034BAC9 /* SlotSuggestionView.swift in Sources */,
				E7F8DD882651931500CD3759 /* TimelineView.swift in Sources */,
				E758054426D2AAFF00E9DEAD /* SuggestionsPickCalendarSlider.swift in Sources */,
				E7957943266F5F7B005B9F39 /* CalendarLayout.swift in Sources */,
				E7F5AD0F266FB03700138E42 /* UIFont+Branded.swift in Sources */,
			);
			runOnlyForDeploymentPostprocessing = 0;
		};
		E7D3C09926413342009CAB88 /* Sources */ = {
			isa = PBXSourcesBuildPhase;
			buildActionMask = 2147483647;
			files = (
				E7B8970E2694D00700A9BD17 /* BlockedTimesForDaysTransformerTests.swift in Sources */,
				E7B470002694821200558BB9 /* SlotFinderTests.swift in Sources */,
			);
			runOnlyForDeploymentPostprocessing = 0;
		};
		E7D3C0A426413342009CAB88 /* Sources */ = {
			isa = PBXSourcesBuildPhase;
			buildActionMask = 2147483647;
			files = (
				E7D3C0AD26413342009CAB88 /* samaUITests.swift in Sources */,
			);
			runOnlyForDeploymentPostprocessing = 0;
		};
/* End PBXSourcesBuildPhase section */

/* Begin PBXTargetDependency section */
		E7D3C09F26413342009CAB88 /* PBXTargetDependency */ = {
			isa = PBXTargetDependency;
			target = E7D3C08626413340009CAB88 /* sama */;
			targetProxy = E7D3C09E26413342009CAB88 /* PBXContainerItemProxy */;
		};
		E7D3C0AA26413342009CAB88 /* PBXTargetDependency */ = {
			isa = PBXTargetDependency;
			target = E7D3C08626413340009CAB88 /* sama */;
			targetProxy = E7D3C0A926413342009CAB88 /* PBXContainerItemProxy */;
		};
/* End PBXTargetDependency section */

/* Begin PBXVariantGroup section */
		E7D3C09026413340009CAB88 /* Main.storyboard */ = {
			isa = PBXVariantGroup;
			children = (
				E7D3C09126413340009CAB88 /* Base */,
			);
			name = Main.storyboard;
			sourceTree = "<group>";
		};
		E7D3C09526413342009CAB88 /* LaunchScreen.storyboard */ = {
			isa = PBXVariantGroup;
			children = (
				E7D3C09626413342009CAB88 /* Base */,
			);
			name = LaunchScreen.storyboard;
			sourceTree = "<group>";
		};
/* End PBXVariantGroup section */

/* Begin XCBuildConfiguration section */
		E7D3C0AF26413342009CAB88 /* Debug */ = {
			isa = XCBuildConfiguration;
			buildSettings = {
				ALWAYS_SEARCH_USER_PATHS = NO;
				CLANG_ANALYZER_NONNULL = YES;
				CLANG_ANALYZER_NUMBER_OBJECT_CONVERSION = YES_AGGRESSIVE;
				CLANG_CXX_LANGUAGE_STANDARD = "gnu++14";
				CLANG_CXX_LIBRARY = "libc++";
				CLANG_ENABLE_MODULES = YES;
				CLANG_ENABLE_OBJC_ARC = YES;
				CLANG_ENABLE_OBJC_WEAK = YES;
				CLANG_WARN_BLOCK_CAPTURE_AUTORELEASING = YES;
				CLANG_WARN_BOOL_CONVERSION = YES;
				CLANG_WARN_COMMA = YES;
				CLANG_WARN_CONSTANT_CONVERSION = YES;
				CLANG_WARN_DEPRECATED_OBJC_IMPLEMENTATIONS = YES;
				CLANG_WARN_DIRECT_OBJC_ISA_USAGE = YES_ERROR;
				CLANG_WARN_DOCUMENTATION_COMMENTS = YES;
				CLANG_WARN_EMPTY_BODY = YES;
				CLANG_WARN_ENUM_CONVERSION = YES;
				CLANG_WARN_INFINITE_RECURSION = YES;
				CLANG_WARN_INT_CONVERSION = YES;
				CLANG_WARN_NON_LITERAL_NULL_CONVERSION = YES;
				CLANG_WARN_OBJC_IMPLICIT_RETAIN_SELF = YES;
				CLANG_WARN_OBJC_LITERAL_CONVERSION = YES;
				CLANG_WARN_OBJC_ROOT_CLASS = YES_ERROR;
				CLANG_WARN_QUOTED_INCLUDE_IN_FRAMEWORK_HEADER = YES;
				CLANG_WARN_RANGE_LOOP_ANALYSIS = YES;
				CLANG_WARN_STRICT_PROTOTYPES = YES;
				CLANG_WARN_SUSPICIOUS_MOVE = YES;
				CLANG_WARN_UNGUARDED_AVAILABILITY = YES_AGGRESSIVE;
				CLANG_WARN_UNREACHABLE_CODE = YES;
				CLANG_WARN__DUPLICATE_METHOD_MATCH = YES;
				COPY_PHASE_STRIP = NO;
				DEBUG_INFORMATION_FORMAT = dwarf;
				ENABLE_STRICT_OBJC_MSGSEND = YES;
				ENABLE_TESTABILITY = YES;
				GCC_C_LANGUAGE_STANDARD = gnu11;
				GCC_DYNAMIC_NO_PIC = NO;
				GCC_NO_COMMON_BLOCKS = YES;
				GCC_OPTIMIZATION_LEVEL = 0;
				GCC_PREPROCESSOR_DEFINITIONS = (
					"DEBUG=1",
					"$(inherited)",
				);
				GCC_WARN_64_TO_32_BIT_CONVERSION = YES;
				GCC_WARN_ABOUT_RETURN_TYPE = YES_ERROR;
				GCC_WARN_UNDECLARED_SELECTOR = YES;
				GCC_WARN_UNINITIALIZED_AUTOS = YES_AGGRESSIVE;
				GCC_WARN_UNUSED_FUNCTION = YES;
				GCC_WARN_UNUSED_VARIABLE = YES;
				IPHONEOS_DEPLOYMENT_TARGET = 13.0;
				MTL_ENABLE_DEBUG_INFO = INCLUDE_SOURCE;
				MTL_FAST_MATH = YES;
				ONLY_ACTIVE_ARCH = YES;
				SDKROOT = iphoneos;
				SWIFT_ACTIVE_COMPILATION_CONDITIONS = DEBUG;
				SWIFT_OPTIMIZATION_LEVEL = "-Onone";
			};
			name = Debug;
		};
		E7D3C0B026413342009CAB88 /* Release */ = {
			isa = XCBuildConfiguration;
			baseConfigurationReference = E7BFB364269AC59800EA6AFD /* sama.xcconfig */;
			buildSettings = {
				ALWAYS_SEARCH_USER_PATHS = NO;
				CLANG_ANALYZER_NONNULL = YES;
				CLANG_ANALYZER_NUMBER_OBJECT_CONVERSION = YES_AGGRESSIVE;
				CLANG_CXX_LANGUAGE_STANDARD = "gnu++14";
				CLANG_CXX_LIBRARY = "libc++";
				CLANG_ENABLE_MODULES = YES;
				CLANG_ENABLE_OBJC_ARC = YES;
				CLANG_ENABLE_OBJC_WEAK = YES;
				CLANG_WARN_BLOCK_CAPTURE_AUTORELEASING = YES;
				CLANG_WARN_BOOL_CONVERSION = YES;
				CLANG_WARN_COMMA = YES;
				CLANG_WARN_CONSTANT_CONVERSION = YES;
				CLANG_WARN_DEPRECATED_OBJC_IMPLEMENTATIONS = YES;
				CLANG_WARN_DIRECT_OBJC_ISA_USAGE = YES_ERROR;
				CLANG_WARN_DOCUMENTATION_COMMENTS = YES;
				CLANG_WARN_EMPTY_BODY = YES;
				CLANG_WARN_ENUM_CONVERSION = YES;
				CLANG_WARN_INFINITE_RECURSION = YES;
				CLANG_WARN_INT_CONVERSION = YES;
				CLANG_WARN_NON_LITERAL_NULL_CONVERSION = YES;
				CLANG_WARN_OBJC_IMPLICIT_RETAIN_SELF = YES;
				CLANG_WARN_OBJC_LITERAL_CONVERSION = YES;
				CLANG_WARN_OBJC_ROOT_CLASS = YES_ERROR;
				CLANG_WARN_QUOTED_INCLUDE_IN_FRAMEWORK_HEADER = YES;
				CLANG_WARN_RANGE_LOOP_ANALYSIS = YES;
				CLANG_WARN_STRICT_PROTOTYPES = YES;
				CLANG_WARN_SUSPICIOUS_MOVE = YES;
				CLANG_WARN_UNGUARDED_AVAILABILITY = YES_AGGRESSIVE;
				CLANG_WARN_UNREACHABLE_CODE = YES;
				CLANG_WARN__DUPLICATE_METHOD_MATCH = YES;
				COPY_PHASE_STRIP = NO;
				DEBUG_INFORMATION_FORMAT = "dwarf-with-dsym";
				ENABLE_NS_ASSERTIONS = NO;
				ENABLE_STRICT_OBJC_MSGSEND = YES;
				GCC_C_LANGUAGE_STANDARD = gnu11;
				GCC_NO_COMMON_BLOCKS = YES;
				GCC_WARN_64_TO_32_BIT_CONVERSION = YES;
				GCC_WARN_ABOUT_RETURN_TYPE = YES_ERROR;
				GCC_WARN_UNDECLARED_SELECTOR = YES;
				GCC_WARN_UNINITIALIZED_AUTOS = YES_AGGRESSIVE;
				GCC_WARN_UNUSED_FUNCTION = YES;
				GCC_WARN_UNUSED_VARIABLE = YES;
				IPHONEOS_DEPLOYMENT_TARGET = 13.0;
				MTL_ENABLE_DEBUG_INFO = NO;
				MTL_FAST_MATH = YES;
				SDKROOT = iphoneos;
				SWIFT_COMPILATION_MODE = wholemodule;
				SWIFT_OPTIMIZATION_LEVEL = "-O";
				VALIDATE_PRODUCT = YES;
			};
			name = Release;
		};
		E7D3C0B226413342009CAB88 /* Debug */ = {
			isa = XCBuildConfiguration;
			baseConfigurationReference = E7BFB364269AC59800EA6AFD /* sama.xcconfig */;
			buildSettings = {
				ASSETCATALOG_COMPILER_APPICON_NAME = AppIcon;
				ASSETCATALOG_COMPILER_GLOBAL_ACCENT_COLOR_NAME = AccentColor;
				CODE_SIGN_ENTITLEMENTS = sama/sama.entitlements;
				CODE_SIGN_IDENTITY = "Apple Development: Viktoras Laukevicius (JYP88Y74BY)";
				CODE_SIGN_STYLE = Manual;
				DEVELOPMENT_TEAM = 6QTT2B2N75;
				INFOPLIST_FILE = sama/Info.plist;
				LD_RUNPATH_SEARCH_PATHS = (
					"$(inherited)",
					"@executable_path/Frameworks",
				);
				MARKETING_VERSION = 1.1.0;
				OTHER_LDFLAGS = "-ObjC";
				PRODUCT_NAME = Sama;
				SWIFT_VERSION = 5.0;
				TARGETED_DEVICE_FAMILY = 1;
			};
			name = Debug;
		};
		E7D3C0B326413342009CAB88 /* Release */ = {
			isa = XCBuildConfiguration;
			buildSettings = {
				ASSETCATALOG_COMPILER_APPICON_NAME = AppIcon;
				ASSETCATALOG_COMPILER_GLOBAL_ACCENT_COLOR_NAME = AccentColor;
				CODE_SIGN_ENTITLEMENTS = sama/sama.entitlements;
				CODE_SIGN_IDENTITY = "Apple Distribution: Viktoras Laukevicius (6QTT2B2N75)";
				CODE_SIGN_STYLE = Manual;
				DEVELOPMENT_TEAM = 6QTT2B2N75;
				INFOPLIST_FILE = sama/Info.plist;
				LD_RUNPATH_SEARCH_PATHS = (
					"$(inherited)",
					"@executable_path/Frameworks",
				);
				MARKETING_VERSION = 1.1.0;
				OTHER_LDFLAGS = "-ObjC";
				PRODUCT_NAME = Sama;
				SWIFT_VERSION = 5.0;
				TARGETED_DEVICE_FAMILY = 1;
			};
			name = Release;
		};
		E7D3C0B526413342009CAB88 /* Debug */ = {
			isa = XCBuildConfiguration;
			buildSettings = {
				ALWAYS_EMBED_SWIFT_STANDARD_LIBRARIES = YES;
				BUNDLE_LOADER = "$(TEST_HOST)";
				CODE_SIGN_STYLE = Automatic;
				INFOPLIST_FILE = samaTests/Info.plist;
				LD_RUNPATH_SEARCH_PATHS = (
					"$(inherited)",
					"@executable_path/Frameworks",
					"@loader_path/Frameworks",
				);
				PRODUCT_BUNDLE_IDENTIFIER = app.meetsama.samaTests;
				PRODUCT_NAME = "$(TARGET_NAME)";
				SWIFT_VERSION = 5.0;
				TARGETED_DEVICE_FAMILY = "1,2";
				TEST_HOST = "$(BUILT_PRODUCTS_DIR)/Sama.app/Sama";
			};
			name = Debug;
		};
		E7D3C0B626413342009CAB88 /* Release */ = {
			isa = XCBuildConfiguration;
			buildSettings = {
				ALWAYS_EMBED_SWIFT_STANDARD_LIBRARIES = YES;
				BUNDLE_LOADER = "$(TEST_HOST)";
				CODE_SIGN_STYLE = Automatic;
				INFOPLIST_FILE = samaTests/Info.plist;
				LD_RUNPATH_SEARCH_PATHS = (
					"$(inherited)",
					"@executable_path/Frameworks",
					"@loader_path/Frameworks",
				);
				PRODUCT_BUNDLE_IDENTIFIER = app.meetsama.samaTests;
				PRODUCT_NAME = "$(TARGET_NAME)";
				SWIFT_VERSION = 5.0;
				TARGETED_DEVICE_FAMILY = "1,2";
				TEST_HOST = "$(BUILT_PRODUCTS_DIR)/Sama.app/Sama";
			};
			name = Release;
		};
		E7D3C0B826413342009CAB88 /* Debug */ = {
			isa = XCBuildConfiguration;
			buildSettings = {
				ALWAYS_EMBED_SWIFT_STANDARD_LIBRARIES = YES;
				CODE_SIGN_STYLE = Automatic;
				INFOPLIST_FILE = samaUITests/Info.plist;
				LD_RUNPATH_SEARCH_PATHS = (
					"$(inherited)",
					"@executable_path/Frameworks",
					"@loader_path/Frameworks",
				);
				PRODUCT_BUNDLE_IDENTIFIER = app.meetsama.samaUITests;
				PRODUCT_NAME = "$(TARGET_NAME)";
				SWIFT_VERSION = 5.0;
				TARGETED_DEVICE_FAMILY = "1,2";
				TEST_TARGET_NAME = sama;
			};
			name = Debug;
		};
		E7D3C0B926413342009CAB88 /* Release */ = {
			isa = XCBuildConfiguration;
			buildSettings = {
				ALWAYS_EMBED_SWIFT_STANDARD_LIBRARIES = YES;
				CODE_SIGN_STYLE = Automatic;
				INFOPLIST_FILE = samaUITests/Info.plist;
				LD_RUNPATH_SEARCH_PATHS = (
					"$(inherited)",
					"@executable_path/Frameworks",
					"@loader_path/Frameworks",
				);
				PRODUCT_BUNDLE_IDENTIFIER = app.meetsama.samaUITests;
				PRODUCT_NAME = "$(TARGET_NAME)";
				SWIFT_VERSION = 5.0;
				TARGETED_DEVICE_FAMILY = "1,2";
				TEST_TARGET_NAME = sama;
			};
			name = Release;
		};
/* End XCBuildConfiguration section */

/* Begin XCConfigurationList section */
		E7D3C08226413340009CAB88 /* Build configuration list for PBXProject "sama" */ = {
			isa = XCConfigurationList;
			buildConfigurations = (
				E7D3C0AF26413342009CAB88 /* Debug */,
				E7D3C0B026413342009CAB88 /* Release */,
			);
			defaultConfigurationIsVisible = 0;
			defaultConfigurationName = Release;
		};
		E7D3C0B126413342009CAB88 /* Build configuration list for PBXNativeTarget "sama" */ = {
			isa = XCConfigurationList;
			buildConfigurations = (
				E7D3C0B226413342009CAB88 /* Debug */,
				E7D3C0B326413342009CAB88 /* Release */,
			);
			defaultConfigurationIsVisible = 0;
			defaultConfigurationName = Release;
		};
		E7D3C0B426413342009CAB88 /* Build configuration list for PBXNativeTarget "samaTests" */ = {
			isa = XCConfigurationList;
			buildConfigurations = (
				E7D3C0B526413342009CAB88 /* Debug */,
				E7D3C0B626413342009CAB88 /* Release */,
			);
			defaultConfigurationIsVisible = 0;
			defaultConfigurationName = Release;
		};
		E7D3C0B726413342009CAB88 /* Build configuration list for PBXNativeTarget "samaUITests" */ = {
			isa = XCConfigurationList;
			buildConfigurations = (
				E7D3C0B826413342009CAB88 /* Debug */,
				E7D3C0B926413342009CAB88 /* Release */,
			);
			defaultConfigurationIsVisible = 0;
			defaultConfigurationName = Release;
		};
/* End XCConfigurationList section */

/* Begin XCRemoteSwiftPackageReference section */
		E76E85E0264D195200FAC1DF /* XCRemoteSwiftPackageReference "firebase-ios-sdk" */ = {
			isa = XCRemoteSwiftPackageReference;
			repositoryURL = "https://github.com/firebase/firebase-ios-sdk.git";
			requirement = {
				kind = upToNextMajorVersion;
				minimumVersion = 8.0.0;
			};
		};
/* End XCRemoteSwiftPackageReference section */

/* Begin XCSwiftPackageProductDependency section */
		E717550F2698AAEE003B5A32 /* FirebaseCrashlytics */ = {
			isa = XCSwiftPackageProductDependency;
			package = E76E85E0264D195200FAC1DF /* XCRemoteSwiftPackageReference "firebase-ios-sdk" */;
			productName = FirebaseCrashlytics;
		};
		E76E85E1264D195200FAC1DF /* FirebaseMessaging */ = {
			isa = XCSwiftPackageProductDependency;
			package = E76E85E0264D195200FAC1DF /* XCRemoteSwiftPackageReference "firebase-ios-sdk" */;
			productName = FirebaseMessaging;
		};
		E7BA3DC12694A7EA00FC4F47 /* FirebaseAnalyticsWithoutAdIdSupport */ = {
			isa = XCSwiftPackageProductDependency;
			package = E76E85E0264D195200FAC1DF /* XCRemoteSwiftPackageReference "firebase-ios-sdk" */;
			productName = FirebaseAnalyticsWithoutAdIdSupport;
		};
/* End XCSwiftPackageProductDependency section */
	};
	rootObject = E7D3C07F26413340009CAB88 /* Project object */;
}
